
Microsoft Visual Studio Solution File, Format Version 12.00
# Visual Studio Version 17
VisualStudioVersion = 17.5.33424.131
MinimumVisualStudioVersion = 10.0.40219.1
Project("{9A19103F-16F7-4668-BE54-9A1E7A4F7556}") = "ProcDumpEx", "ProcDumpEx.csproj", "{0B47ED0B-968D-45C7-9897-13C05ED572BB}"
EndProject
Global
	GlobalSection(SolutionConfigurationPlatforms) = preSolution
		Debug|Any CPU = Debug|Any CPU
		Release|Any CPU = Release|Any CPU
	EndGlobalSection
	GlobalSection(ProjectConfigurationPlatforms) = postSolution
		{0B47ED0B-968D-45C7-9897-13C05ED572BB}.Debug|Any CPU.ActiveCfg = Debug|Any CPU
		{0B47ED0B-968D-45C7-9897-13C05ED572BB}.Debug|Any CPU.Build.0 = Debug|Any CPU
		{0B47ED0B-968D-45C7-9897-13C05ED572BB}.Release|Any CPU.ActiveCfg = Release|Any CPU
		{0B47ED0B-968D-45C7-9897-13C05ED572BB}.Release|Any CPU.Build.0 = Release|Any CPU
	EndGlobalSection
	GlobalSection(SolutionProperties) = preSolution
		HideSolutionNode = FALSE
	EndGlobalSection
	GlobalSection(ExtensibilityGlobals) = postSolution
		SolutionGuid = {028AF625-1BE2-4C28-9D7D-05E684DDF3F9}
	EndGlobalSection
EndGlobal
